{
  "name": "hsd",
  "version": "1.0.0",
  "lockfileVersion": 1,
  "requires": true,
  "dependencies": {
    "bcrypto": {
      "version": "1.1.0",
      "resolved": "https://registry.npmjs.org/bcrypto/-/bcrypto-1.1.0.tgz",
      "integrity": "sha512-XOXwwnqnhH+9ASVHUtBP/tfzszHZ+TD5DMkER27OwF3wBUS8Rg/tnmfXRQ/h5hsrl5qPiTVtjsD6LjFvzgAIgw==",
      "requires": {
        "bindings": "1.3.0",
        "bsert": "0.0.4",
        "bufio": "1.0.1",
        "nan": "2.10.0"
      }
    },
    "bfile": {
      "version": "0.1.1",
      "resolved": "https://registry.npmjs.org/bfile/-/bfile-0.1.1.tgz",
      "integrity": "sha512-BzQX3loGHgVKfu4KhZ1lI3yaZeBSFar6kKBJNTBCtI+SvYhXn4OALgCxX0C0/9Ca39vjcSkwLhOLMZZGoC0F6g=="
    },
    "bheep": {
      "version": "0.1.1",
      "resolved": "https://registry.npmjs.org/bheep/-/bheep-0.1.1.tgz",
      "integrity": "sha512-kDgcu6BXj/6XsCc+fjjo9ViRETdkQqt0FYxQR+ZqQ4edbWE6x8o51k/BwzqkXWPHrsB2/qLjsgnnMPezJvSnpw==",
      "requires": {
        "bsert": "0.0.4"
      }
    },
    "bindings": {
      "version": "1.3.0",
      "resolved": "https://registry.npmjs.org/bindings/-/bindings-1.3.0.tgz",
      "integrity": "sha512-DpLh5EzMR2kzvX1KIlVC0VkC3iZtHKTgdtZ0a3pglBZdaQFjt5S9g9xd1lE+YvXyfd6mtCeRnrUfOLYiTMlNSw=="
    },
    "binet": {
      "version": "0.3.1",
      "resolved": "https://registry.npmjs.org/binet/-/binet-0.3.1.tgz",
      "integrity": "sha512-4ZCsooGoTYG6BwikD1bjXStzhR5wZnc16CA13cm6ot3jsN3Ridrj7G02sL2yzXTegXILIZy25Au+RHqC8F/jzQ==",
      "requires": {
        "bs32": "0.1.1",
        "bsert": "0.0.4"
      }
    },
    "bns": {
      "version": "0.3.0",
      "resolved": "https://registry.npmjs.org/bns/-/bns-0.3.0.tgz",
      "integrity": "sha512-mwpC5CoL2n0RaYVxDEVqjE1mt/UJqDkltj24N+lfejamdCzbU23oI3q8iCHSAyJrNMnV6XzFparQmYqNvvcvEg==",
      "requires": {
        "bcrypto": "1.1.0",
        "bfile": "0.1.1",
        "bheep": "0.1.1",
        "binet": "0.3.1",
        "bs32": "0.1.1",
        "bsert": "0.0.4",
        "btcp": "0.1.1",
        "budp": "0.1.1",
        "bufio": "1.0.1",
        "unbound": "0.1.0"
      }
    },
    "bs32": {
      "version": "0.1.1",
      "resolved": "https://registry.npmjs.org/bs32/-/bs32-0.1.1.tgz",
      "integrity": "sha512-mvHV7pk3ub6jLKpztr2+KMcx4uR2L/9rl5x0BKBgXBmImeILjkTeEjG1ts4gZ302qW/z7mxDf07W9sPovjlHtA==",
      "requires": {
        "bsert": "0.0.4"
      }
    },
    "bsert": {
      "version": "0.0.4",
      "resolved": "https://registry.npmjs.org/bsert/-/bsert-0.0.4.tgz",
      "integrity": "sha512-VReLe1aTaHRmf80YLOHUk8ONQ48SjseZP76GlNIDheD5REYByn/Mm9yrtI0/ZCaFrcfxzgpiw1/hMMCUOSMa3w=="
    },
    "bstring": {
      "version": "0.2.0",
      "resolved": "https://registry.npmjs.org/bstring/-/bstring-0.2.0.tgz",
      "integrity": "sha512-lgmjJyuBT0wozjBU+aSYf9vvK5XtH2MxZDbMPqbNVl9n2QlloRg8cIh7QaDyUWZmCG9LhglWbsMU8gupPEhCCA==",
      "requires": {
        "bindings": "1.3.0",
        "bsert": "0.0.4",
        "n64": "0.2.1",
        "nan": "2.10.0"
      }
    },
    "btcp": {
      "version": "0.1.1",
      "resolved": "https://registry.npmjs.org/btcp/-/btcp-0.1.1.tgz",
      "integrity": "sha512-EwqraaSVjrMYSuSchJ0t2gdeA/4BGgKu+tFVJpTpc4pjzrlu9O6kc3NNffSyIzoxd7jToRdrsT3TorA03a/qwQ=="
    },
    "budp": {
      "version": "0.1.1",
      "resolved": "https://registry.npmjs.org/budp/-/budp-0.1.1.tgz",
      "integrity": "sha512-qA+GZLvrD5CWKeprRjbOuQ5THn4v5wFdWlnuh17a5QK2BeDhU0Xthj1edS1yqpCIw/81cH/H8sq4injy8BJHZQ=="
    },
    "bufio": {
      "version": "1.0.1",
      "resolved": "https://registry.npmjs.org/bufio/-/bufio-1.0.1.tgz",
      "integrity": "sha512-yPe6AIUmbRCSXNrg6tBXc7E3FDnkcwLH2I8/G50bgfsUNVldFM7v42lsO1K8UPlcfTYm/GwRuEXsdSxX4L8lvA=="
    },
    "n64": {
      "version": "0.2.1",
      "resolved": "https://registry.npmjs.org/n64/-/n64-0.2.1.tgz",
      "integrity": "sha512-rs7dj53A2qK/bk4gQnBAp3DYwtyHKs5y2tbuQkgM4mDwGBI7fPJBbfBaXaNOpbVtnru2Aw++qVCNDYJ3XAuc7A=="
    },
    "nan": {
      "version": "2.10.0",
      "resolved": "https://registry.npmjs.org/nan/-/nan-2.10.0.tgz",
      "integrity": "sha512-bAdJv7fBLhWC+/Bls0Oza+mvTaNQtP+1RyhhhvD95pgUJz6XM5IzgmxOkItJ9tkoCiplvAnXI1tNmmUD/eScyA=="
    },
    "unbound": {
      "version": "0.1.0",
      "resolved": "https://registry.npmjs.org/unbound/-/unbound-0.1.0.tgz",
      "integrity": "sha512-PEF93iyiFyaCuQ7jSI5FxSzuS91A/vh6nAbKJNzMegpMYxf0PXflXs9SPL8C2KORkIwZwQA/ADgNVI/duVGPmA==",
      "optional": true,
      "requires": {
        "bindings": "1.3.0",
        "nan": "2.10.0"
      }
    }
  }
}
